
Microsoft Visual Studio Solution File, Format Version 9.00
# Visual Studio 2005
Project("{FAE04EC0-301F-11D3-BF4B-00C04F79EFBC}") = "Oatc.OpenMI.Examples.ModelComponents.SimpleRiver.Wrapper", "ModelComponents\SimpleRiver\Wrapper\Oatc.OpenMI.Examples.ModelComponents.SimpleRiver.Wrapper.csproj", "{DC93453C-A682-4531-ACA9-7FC8416A9B79}"
EndProject
Project("{FAE04EC0-301F-11D3-BF4B-00C04F79EFBC}") = "Oatc.OpenMI.Examples.ModelComponents.SimpleRiver.Wrapper.UnitTest", "ModelComponents\SimpleRiver\Wrapper\UnitTest\Oatc.OpenMI.Examples.ModelComponents.SimpleRiver.Wrapper.UnitTest.csproj", "{AE8BB22D-0FB0-4580-BEE8-2D0DC45161D2}"
EndProject
Project("{FAE04EC0-301F-11D3-BF4B-00C04F79EFBC}") = "Oatc.OpenMI.Examples.EventListeners.SimpleEventListener", "EventListeners\SimpleEventListener\Oatc.OpenMI.Examples.EventListeners.SimpleEventListener.csproj", "{6A1072A8-7FFF-4C5A-B1EF-146F0F283740}"
EndProject
Project("{FAE04EC0-301F-11D3-BF4B-00C04F79EFBC}") = "Oatc.OpenMI.Examples.ExeptionHandlers.SimpleExceptionHandler", "ExceptionHandlers\SimpleExceptionHandler\Oatc.OpenMI.Examples.ExeptionHandlers.SimpleExceptionHandler.csproj", "{EFA3926F-E0D5-4903-B6BA-BF64C6B398DF}"
EndProject
Project("{FAE04EC0-301F-11D3-BF4B-00C04F79EFBC}") = "Oatc.OpenMI.Examples.TriggerComponents.SimpleTrigger", "TriggerComponents\SimpleTrigger\Oatc.OpenMI.Examples.TriggerComponents.SimpleTrigger.csproj", "{11AC3864-E981-4F85-854A-2827EAE38227}"
EndProject
Project("{FAE04EC0-301F-11D3-BF4B-00C04F79EFBC}") = "Oatc.OpenMI.Examples.ElementSets", "ElementSets\Oatc.OpenMI.Examples.ElementSets.csproj", "{2772F5F8-9738-41C4-882A-CD49D019508A}"
EndProject
Project("{FAE04EC0-301F-11D3-BF4B-00C04F79EFBC}") = "Oatc.OpenMI.Examples.ElementSets.UnitTest", "ElementSets\UnitTest\Oatc.OpenMI.Examples.ElementSets.UnitTest.csproj", "{B4FC9CD5-A90F-415F-8956-2131DD7E58A8}"
EndProject
Project("{FAE04EC0-301F-11D3-BF4B-00C04F79EFBC}") = "Oatc.OpenMI.Examples.Configurations.Configuration.Xml", "Configurations\Configuration\Xml\Oatc.OpenMI.Examples.Configurations.Configuration.Xml.csproj", "{32B1A6D6-C0CD-48F0-9FCC-4D005281ACF8}"
EndProject
Project("{FAE04EC0-301F-11D3-BF4B-00C04F79EFBC}") = "Oatc.OpenMI.Examples.Configurations.Configuration", "Configurations\Configuration\Oatc.OpenMI.Examples.Configurations.Configuration.csproj", "{D8EF3C9C-13C1-4CAB-A656-EDE12EE22CB1}"
EndProject
Project("{FAE04EC0-301F-11D3-BF4B-00C04F79EFBC}") = "Oatc.openMI.Examples.Configurations.Configuration.Console", "Configurations\Configuration\Console\Oatc.openMI.Examples.Configurations.Configuration.Console.csproj", "{6A73A836-3346-4D9B-9B4E-1A90F3538F0F}"
EndProject
Project("{FAE04EC0-301F-11D3-BF4B-00C04F79EFBC}") = "Oatc.OpenMI.Examples.Configurations.Configuration.UnitTest", "Configurations\Configuration\UnitTest\Oatc.OpenMI.Examples.Configurations.Configuration.UnitTest.csproj", "{70AFCAB1-0FFC-418C-814F-F3C1CC692567}"
EndProject
Project("{FAE04EC0-301F-11D3-BF4B-00C04F79EFBC}") = "Oatc.OpenMI.Examples.ModelComponents.SpatialModels.DummyLC", "ModelComponents\SpatialModels\DummyLC\Oatc.OpenMI.Examples.ModelComponents.SpatialModels.DummyLC.csproj", "{9A16D9B8-C447-430B-99D1-6343A3694973}"
EndProject
Project("{FAE04EC0-301F-11D3-BF4B-00C04F79EFBC}") = "Oatc.OpenMI.Examples.ModelComponents.SpatialModels.GroundWaterModel", "ModelComponents\SpatialModels\GroundWaterModel\Oatc.OpenMI.Examples.ModelComponents.SpatialModels.GroundWaterModel.csproj", "{0111F4C9-01CD-49DC-86A5-C631A3DDC0F1}"
EndProject
Project("{FAE04EC0-301F-11D3-BF4B-00C04F79EFBC}") = "Oatc.OpenMI.Examples.ModelComponents.SpatialModels.GroundWaterModel.UnitTest", "ModelComponents\SpatialModels\GroundWaterModel\UnitTest\Oatc.OpenMI.Examples.ModelComponents.SpatialModels.GroundWaterModel.UnitTest.csproj", "{77066595-74E1-41D6-B5D0-5A3264AAE102}"
EndProject
Project("{FAE04EC0-301F-11D3-BF4B-00C04F79EFBC}") = "Oatc.OpenMI.Examples.ModelComponents.SpatialModels.RiverModel", "ModelComponents\SpatialModels\RiverModel\Oatc.OpenMI.Examples.ModelComponents.SpatialModels.RiverModel.csproj", "{FCB0EADC-76A7-4AFE-835E-0AA6C0B6FA7F}"
EndProject
Project("{FAE04EC0-301F-11D3-BF4B-00C04F79EFBC}") = "Oatc.OpenMI.Examples.ModelComponents.SpatialModels.RiverModel.UnitTest", "ModelComponents\SpatialModels\RiverModel\UnitTest\Oatc.OpenMI.Examples.ModelComponents.SpatialModels.RiverModel.UnitTest.csproj", "{5DF7BE51-64E0-4E2A-97AC-D59F083732FC}"
EndProject
Project("{FAE04EC0-301F-11D3-BF4B-00C04F79EFBC}") = "Oatc.OpenMI.Examples.ModelComponents.SpatialModels.TestTools", "ModelComponents\SpatialModels\TestTools\Oatc.OpenMI.Examples.ModelComponents.SpatialModels.TestTools.csproj", "{BEFA8EF3-0CE2-4271-9153-9C20359D7FAA}"
EndProject
Project("{FAE04EC0-301F-11D3-BF4B-00C04F79EFBC}") = "Oatc.OpenMI.Examples.ModelComponents.SpatialModels.UnitTest", "ModelComponents\SpatialModels\UnitTest\Oatc.OpenMI.Examples.ModelComponents.SpatialModels.UnitTest.csproj", "{50C0B979-4C58-48D9-BA93-F940AB58EE40}"
EndProject
Project("{2150E333-8FDC-42A3-9474-1A3956D46DE8}") = "Examples", "Examples", "{D373A9D4-83E9-4F5E-92E7-128D243D4273}"
EndProject
Project("{2150E333-8FDC-42A3-9474-1A3956D46DE8}") = "Configurations", "Configurations", "{CD704E68-0E1C-460C-89E1-0809F2AC0694}"
EndProject
Project("{2150E333-8FDC-42A3-9474-1A3956D46DE8}") = "ElementSets", "ElementSets", "{2B7F5B2E-8867-4406-A542-301F424018D4}"
EndProject
Project("{2150E333-8FDC-42A3-9474-1A3956D46DE8}") = "ModelComponents", "ModelComponents", "{6E967B13-065E-412F-8F6A-871010765CB5}"
EndProject
Project("{2150E333-8FDC-42A3-9474-1A3956D46DE8}") = "TriggerComponents", "TriggerComponents", "{697362B8-E17F-4DA1-8FB2-259800B22474}"
EndProject
Project("{2150E333-8FDC-42A3-9474-1A3956D46DE8}") = "SDK", "SDK", "{69E1DD5C-200E-4AE0-80A6-5980395CC5D8}"
EndProject
Project("{FAE04EC0-301F-11D3-BF4B-00C04F79EFBC}") = "Oatc.OpenMI.Sdk.Backbone", "..\Sdk\Backbone\Oatc.OpenMI.Sdk.Backbone.csproj", "{23C206AE-CBEF-4FD1-9928-BF04147B62B2}"
EndProject
Project("{FAE04EC0-301F-11D3-BF4B-00C04F79EFBC}") = "Oatc.OpenMI.Sdk.Buffer", "..\Sdk\Buffer\Oatc.OpenMI.Sdk.Buffer.csproj", "{C9844E74-074D-46FA-AEF6-371B3481468B}"
EndProject
Project("{FAE04EC0-301F-11D3-BF4B-00C04F79EFBC}") = "Oatc.OpenMI.Sdk.DevelopmentSupport", "..\Sdk\DevelopmentSupport\Oatc.OpenMI.Sdk.DevelopmentSupport.csproj", "{B7BE8C7F-0679-4022-81A5-6A314C058429}"
EndProject
Project("{FAE04EC0-301F-11D3-BF4B-00C04F79EFBC}") = "Oatc.OpenMI.Sdk.Spatial", "..\Sdk\Spatial\Oatc.OpenMI.Sdk.Spatial.csproj", "{4EFA1DE2-9C54-4C3F-94B1-89EA6D8E916C}"
EndProject
Project("{FAE04EC0-301F-11D3-BF4B-00C04F79EFBC}") = "Oatc.OpenMI.Sdk.Wrapper", "..\Sdk\Wrapper\Oatc.OpenMI.Sdk.Wrapper.csproj", "{3DF52260-A727-405B-88A8-630BCE9085AC}"
EndProject
Project("{2150E333-8FDC-42A3-9474-1A3956D46DE8}") = "Unit Tests", "Unit Tests", "{0B20AC4E-7FD5-425F-A6A2-CDC05EAA5BBD}"
EndProject
Project("{FAE04EC0-301F-11D3-BF4B-00C04F79EFBC}") = "Oatc.OpenMI.Sdk.Backbone.UnitTest", "..\Sdk\Backbone\UnitTest\Oatc.OpenMI.Sdk.Backbone.UnitTest.csproj", "{1EF5387C-0764-4E42-99B9-78356B582281}"
EndProject
Project("{FAE04EC0-301F-11D3-BF4B-00C04F79EFBC}") = "Oatc.OpenMI.Sdk.Buffer.UnitTest", "..\Sdk\Buffer\UnitTest\Oatc.OpenMI.Sdk.Buffer.UnitTest.csproj", "{606EEBBC-96CF-4A21-9AA6-8B4674FF2996}"
EndProject
Project("{FAE04EC0-301F-11D3-BF4B-00C04F79EFBC}") = "Oatc.OpenMI.Sdk.DevelopmentSupport.UnitTest", "..\Sdk\DevelopmentSupport\UnitTest\Oatc.OpenMI.Sdk.DevelopmentSupport.UnitTest.csproj", "{2E021CD1-94DA-4431-A5D7-1E810A834119}"
EndProject
Project("{FAE04EC0-301F-11D3-BF4B-00C04F79EFBC}") = "Oatc.OpenMI.Sdk.Spatial.UnitTest", "..\Sdk\Spatial\UnitTest\Oatc.OpenMI.Sdk.Spatial.UnitTest.csproj", "{9020FF67-3C7C-4CC2-9595-53C6BAD2F66E}"
EndProject
Project("{FAE04EC0-301F-11D3-BF4B-00C04F79EFBC}") = "Oatc.OpenMI.Sdk.Wrapper.UnitTest", "..\Sdk\Wrapper\UnitTest\Oatc.OpenMI.Sdk.Wrapper.UnitTest.csproj", "{D1CF8C4C-2941-49A6-A212-DCDBBF71E088}"
EndProject
Project("{2150E333-8FDC-42A3-9474-1A3956D46DE8}") = "Unit Tests", "Unit Tests", "{FF6D07E7-3649-4DAB-A6D8-534F0D3FC7B6}"
EndProject
Project("{2150E333-8FDC-42A3-9474-1A3956D46DE8}") = "Unit Tests", "Unit Tests", "{D4D7C205-2270-423B-900B-23CF15340941}"
EndProject
Project("{2150E333-8FDC-42A3-9474-1A3956D46DE8}") = "AdvancedControl", "AdvancedControl", "{6163FF5B-1D7E-462C-9C8B-0427273FBA7F}"
EndProject
Project("{FAE04EC0-301F-11D3-BF4B-00C04F79EFBC}") = "Oatc.OpenMI.AdvancedControl", "AdvancedControl\Oatc.OpenMI.AdvancedControl.csproj", "{BEFCA2A1-5F45-4806-811A-DDCCE3ACD350}"
EndProject
Global
	GlobalSection(SolutionConfigurationPlatforms) = preSolution
		Debug|Any CPU = Debug|Any CPU
		Release|Any CPU = Release|Any CPU
	EndGlobalSection
	GlobalSection(ProjectConfigurationPlatforms) = postSolution
		{DC93453C-A682-4531-ACA9-7FC8416A9B79}.Debug|Any CPU.ActiveCfg = Debug|Any CPU
		{DC93453C-A682-4531-ACA9-7FC8416A9B79}.Debug|Any CPU.Build.0 = Debug|Any CPU
		{DC93453C-A682-4531-ACA9-7FC8416A9B79}.Release|Any CPU.ActiveCfg = Release|Any CPU
		{DC93453C-A682-4531-ACA9-7FC8416A9B79}.Release|Any CPU.Build.0 = Release|Any CPU
		{AE8BB22D-0FB0-4580-BEE8-2D0DC45161D2}.Debug|Any CPU.ActiveCfg = Debug|Any CPU
		{AE8BB22D-0FB0-4580-BEE8-2D0DC45161D2}.Debug|Any CPU.Build.0 = Debug|Any CPU
		{AE8BB22D-0FB0-4580-BEE8-2D0DC45161D2}.Release|Any CPU.ActiveCfg = Release|Any CPU
		{AE8BB22D-0FB0-4580-BEE8-2D0DC45161D2}.Release|Any CPU.Build.0 = Release|Any CPU
		{6A1072A8-7FFF-4C5A-B1EF-146F0F283740}.Debug|Any CPU.ActiveCfg = Debug|Any CPU
		{6A1072A8-7FFF-4C5A-B1EF-146F0F283740}.Debug|Any CPU.Build.0 = Debug|Any CPU
		{6A1072A8-7FFF-4C5A-B1EF-146F0F283740}.Release|Any CPU.ActiveCfg = Release|Any CPU
		{6A1072A8-7FFF-4C5A-B1EF-146F0F283740}.Release|Any CPU.Build.0 = Release|Any CPU
		{EFA3926F-E0D5-4903-B6BA-BF64C6B398DF}.Debug|Any CPU.ActiveCfg = Debug|Any CPU
		{EFA3926F-E0D5-4903-B6BA-BF64C6B398DF}.Debug|Any CPU.Build.0 = Debug|Any CPU
		{EFA3926F-E0D5-4903-B6BA-BF64C6B398DF}.Release|Any CPU.ActiveCfg = Release|Any CPU
		{EFA3926F-E0D5-4903-B6BA-BF64C6B398DF}.Release|Any CPU.Build.0 = Release|Any CPU
		{11AC3864-E981-4F85-854A-2827EAE38227}.Debug|Any CPU.ActiveCfg = Debug|Any CPU
		{11AC3864-E981-4F85-854A-2827EAE38227}.Debug|Any CPU.Build.0 = Debug|Any CPU
		{11AC3864-E981-4F85-854A-2827EAE38227}.Release|Any CPU.ActiveCfg = Release|Any CPU
		{11AC3864-E981-4F85-854A-2827EAE38227}.Release|Any CPU.Build.0 = Release|Any CPU
		{2772F5F8-9738-41C4-882A-CD49D019508A}.Debug|Any CPU.ActiveCfg = Debug|Any CPU
		{2772F5F8-9738-41C4-882A-CD49D019508A}.Debug|Any CPU.Build.0 = Debug|Any CPU
		{2772F5F8-9738-41C4-882A-CD49D019508A}.Release|Any CPU.ActiveCfg = Release|Any CPU
		{2772F5F8-9738-41C4-882A-CD49D019508A}.Release|Any CPU.Build.0 = Release|Any CPU
		{B4FC9CD5-A90F-415F-8956-2131DD7E58A8}.Debug|Any CPU.ActiveCfg = Debug|Any CPU
		{B4FC9CD5-A90F-415F-8956-2131DD7E58A8}.Debug|Any CPU.Build.0 = Debug|Any CPU
		{B4FC9CD5-A90F-415F-8956-2131DD7E58A8}.Release|Any CPU.ActiveCfg = Release|Any CPU
		{B4FC9CD5-A90F-415F-8956-2131DD7E58A8}.Release|Any CPU.Build.0 = Release|Any CPU
		{32B1A6D6-C0CD-48F0-9FCC-4D005281ACF8}.Debug|Any CPU.ActiveCfg = Debug|Any CPU
		{32B1A6D6-C0CD-48F0-9FCC-4D005281ACF8}.Debug|Any CPU.Build.0 = Debug|Any CPU
		{32B1A6D6-C0CD-48F0-9FCC-4D005281ACF8}.Release|Any CPU.ActiveCfg = Release|Any CPU
		{32B1A6D6-C0CD-48F0-9FCC-4D005281ACF8}.Release|Any CPU.Build.0 = Release|Any CPU
		{D8EF3C9C-13C1-4CAB-A656-EDE12EE22CB1}.Debug|Any CPU.ActiveCfg = Debug|Any CPU
		{D8EF3C9C-13C1-4CAB-A656-EDE12EE22CB1}.Debug|Any CPU.Build.0 = Debug|Any CPU
		{D8EF3C9C-13C1-4CAB-A656-EDE12EE22CB1}.Release|Any CPU.ActiveCfg = Release|Any CPU
		{D8EF3C9C-13C1-4CAB-A656-EDE12EE22CB1}.Release|Any CPU.Build.0 = Release|Any CPU
		{6A73A836-3346-4D9B-9B4E-1A90F3538F0F}.Debug|Any CPU.ActiveCfg = Debug|Any CPU
		{6A73A836-3346-4D9B-9B4E-1A90F3538F0F}.Debug|Any CPU.Build.0 = Debug|Any CPU
		{6A73A836-3346-4D9B-9B4E-1A90F3538F0F}.Release|Any CPU.ActiveCfg = Release|Any CPU
		{6A73A836-3346-4D9B-9B4E-1A90F3538F0F}.Release|Any CPU.Build.0 = Release|Any CPU
		{70AFCAB1-0FFC-418C-814F-F3C1CC692567}.Debug|Any CPU.ActiveCfg = Debug|Any CPU
		{70AFCAB1-0FFC-418C-814F-F3C1CC692567}.Debug|Any CPU.Build.0 = Debug|Any CPU
		{70AFCAB1-0FFC-418C-814F-F3C1CC692567}.Release|Any CPU.ActiveCfg = Release|Any CPU
		{70AFCAB1-0FFC-418C-814F-F3C1CC692567}.Release|Any CPU.Build.0 = Release|Any CPU
		{9A16D9B8-C447-430B-99D1-6343A3694973}.Debug|Any CPU.ActiveCfg = Debug|Any CPU
		{9A16D9B8-C447-430B-99D1-6343A3694973}.Debug|Any CPU.Build.0 = Debug|Any CPU
		{9A16D9B8-C447-430B-99D1-6343A3694973}.Release|Any CPU.ActiveCfg = Release|Any CPU
		{9A16D9B8-C447-430B-99D1-6343A3694973}.Release|Any CPU.Build.0 = Release|Any CPU
		{0111F4C9-01CD-49DC-86A5-C631A3DDC0F1}.Debug|Any CPU.ActiveCfg = Debug|Any CPU
		{0111F4C9-01CD-49DC-86A5-C631A3DDC0F1}.Debug|Any CPU.Build.0 = Debug|Any CPU
		{0111F4C9-01CD-49DC-86A5-C631A3DDC0F1}.Release|Any CPU.ActiveCfg = Release|Any CPU
		{0111F4C9-01CD-49DC-86A5-C631A3DDC0F1}.Release|Any CPU.Build.0 = Release|Any CPU
		{77066595-74E1-41D6-B5D0-5A3264AAE102}.Debug|Any CPU.ActiveCfg = Debug|Any CPU
		{77066595-74E1-41D6-B5D0-5A3264AAE102}.Debug|Any CPU.Build.0 = Debug|Any CPU
		{77066595-74E1-41D6-B5D0-5A3264AAE102}.Release|Any CPU.ActiveCfg = Release|Any CPU
		{77066595-74E1-41D6-B5D0-5A3264AAE102}.Release|Any CPU.Build.0 = Release|Any CPU
		{FCB0EADC-76A7-4AFE-835E-0AA6C0B6FA7F}.Debug|Any CPU.ActiveCfg = Debug|Any CPU
		{FCB0EADC-76A7-4AFE-835E-0AA6C0B6FA7F}.Debug|Any CPU.Build.0 = Debug|Any CPU
		{FCB0EADC-76A7-4AFE-835E-0AA6C0B6FA7F}.Release|Any CPU.ActiveCfg = Release|Any CPU
		{FCB0EADC-76A7-4AFE-835E-0AA6C0B6FA7F}.Release|Any CPU.Build.0 = Release|Any CPU
		{5DF7BE51-64E0-4E2A-97AC-D59F083732FC}.Debug|Any CPU.ActiveCfg = Debug|Any CPU
		{5DF7BE51-64E0-4E2A-97AC-D59F083732FC}.Debug|Any CPU.Build.0 = Debug|Any CPU
		{5DF7BE51-64E0-4E2A-97AC-D59F083732FC}.Release|Any CPU.ActiveCfg = Release|Any CPU
		{5DF7BE51-64E0-4E2A-97AC-D59F083732FC}.Release|Any CPU.Build.0 = Release|Any CPU
		{BEFA8EF3-0CE2-4271-9153-9C20359D7FAA}.Debug|Any CPU.ActiveCfg = Debug|Any CPU
		{BEFA8EF3-0CE2-4271-9153-9C20359D7FAA}.Debug|Any CPU.Build.0 = Debug|Any CPU
		{BEFA8EF3-0CE2-4271-9153-9C20359D7FAA}.Release|Any CPU.ActiveCfg = Release|Any CPU
		{BEFA8EF3-0CE2-4271-9153-9C20359D7FAA}.Release|Any CPU.Build.0 = Release|Any CPU
		{50C0B979-4C58-48D9-BA93-F940AB58EE40}.Debug|Any CPU.ActiveCfg = Debug|Any CPU
		{50C0B979-4C58-48D9-BA93-F940AB58EE40}.Debug|Any CPU.Build.0 = Debug|Any CPU
		{50C0B979-4C58-48D9-BA93-F940AB58EE40}.Release|Any CPU.ActiveCfg = Release|Any CPU
		{50C0B979-4C58-48D9-BA93-F940AB58EE40}.Release|Any CPU.Build.0 = Release|Any CPU
		{23C206AE-CBEF-4FD1-9928-BF04147B62B2}.Debug|Any CPU.ActiveCfg = Debug|Any CPU
		{23C206AE-CBEF-4FD1-9928-BF04147B62B2}.Debug|Any CPU.Build.0 = Debug|Any CPU
		{23C206AE-CBEF-4FD1-9928-BF04147B62B2}.Release|Any CPU.ActiveCfg = Release|Any CPU
		{23C206AE-CBEF-4FD1-9928-BF04147B62B2}.Release|Any CPU.Build.0 = Release|Any CPU
		{C9844E74-074D-46FA-AEF6-371B3481468B}.Debug|Any CPU.ActiveCfg = Debug|Any CPU
		{C9844E74-074D-46FA-AEF6-371B3481468B}.Debug|Any CPU.Build.0 = Debug|Any CPU
		{C9844E74-074D-46FA-AEF6-371B3481468B}.Release|Any CPU.ActiveCfg = Release|Any CPU
		{C9844E74-074D-46FA-AEF6-371B3481468B}.Release|Any CPU.Build.0 = Release|Any CPU
		{B7BE8C7F-0679-4022-81A5-6A314C058429}.Debug|Any CPU.ActiveCfg = Debug|Any CPU
		{B7BE8C7F-0679-4022-81A5-6A314C058429}.Debug|Any CPU.Build.0 = Debug|Any CPU
		{B7BE8C7F-0679-4022-81A5-6A314C058429}.Release|Any CPU.ActiveCfg = Release|Any CPU
		{B7BE8C7F-0679-4022-81A5-6A314C058429}.Release|Any CPU.Build.0 = Release|Any CPU
		{4EFA1DE2-9C54-4C3F-94B1-89EA6D8E916C}.Debug|Any CPU.ActiveCfg = Debug|Any CPU
		{4EFA1DE2-9C54-4C3F-94B1-89EA6D8E916C}.Debug|Any CPU.Build.0 = Debug|Any CPU
		{4EFA1DE2-9C54-4C3F-94B1-89EA6D8E916C}.Release|Any CPU.ActiveCfg = Release|Any CPU
		{4EFA1DE2-9C54-4C3F-94B1-89EA6D8E916C}.Release|Any CPU.Build.0 = Release|Any CPU
		{3DF52260-A727-405B-88A8-630BCE9085AC}.Debug|Any CPU.ActiveCfg = Debug|Any CPU
		{3DF52260-A727-405B-88A8-630BCE9085AC}.Debug|Any CPU.Build.0 = Debug|Any CPU
		{3DF52260-A727-405B-88A8-630BCE9085AC}.Release|Any CPU.ActiveCfg = Release|Any CPU
		{3DF52260-A727-405B-88A8-630BCE9085AC}.Release|Any CPU.Build.0 = Release|Any CPU
		{1EF5387C-0764-4E42-99B9-78356B582281}.Debug|Any CPU.ActiveCfg = Debug|Any CPU
		{1EF5387C-0764-4E42-99B9-78356B582281}.Debug|Any CPU.Build.0 = Debug|Any CPU
		{1EF5387C-0764-4E42-99B9-78356B582281}.Release|Any CPU.ActiveCfg = Release|Any CPU
		{1EF5387C-0764-4E42-99B9-78356B582281}.Release|Any CPU.Build.0 = Release|Any CPU
		{606EEBBC-96CF-4A21-9AA6-8B4674FF2996}.Debug|Any CPU.ActiveCfg = Debug|Any CPU
		{606EEBBC-96CF-4A21-9AA6-8B4674FF2996}.Debug|Any CPU.Build.0 = Debug|Any CPU
		{606EEBBC-96CF-4A21-9AA6-8B4674FF2996}.Release|Any CPU.ActiveCfg = Release|Any CPU
		{606EEBBC-96CF-4A21-9AA6-8B4674FF2996}.Release|Any CPU.Build.0 = Release|Any CPU
		{2E021CD1-94DA-4431-A5D7-1E810A834119}.Debug|Any CPU.ActiveCfg = Debug|Any CPU
		{2E021CD1-94DA-4431-A5D7-1E810A834119}.Debug|Any CPU.Build.0 = Debug|Any CPU
		{2E021CD1-94DA-4431-A5D7-1E810A834119}.Release|Any CPU.ActiveCfg = Release|Any CPU
		{2E021CD1-94DA-4431-A5D7-1E810A834119}.Release|Any CPU.Build.0 = Release|Any CPU
		{9020FF67-3C7C-4CC2-9595-53C6BAD2F66E}.Debug|Any CPU.ActiveCfg = Debug|Any CPU
		{9020FF67-3C7C-4CC2-9595-53C6BAD2F66E}.Debug|Any CPU.Build.0 = Debug|Any CPU
		{9020FF67-3C7C-4CC2-9595-53C6BAD2F66E}.Release|Any CPU.ActiveCfg = Release|Any CPU
		{9020FF67-3C7C-4CC2-9595-53C6BAD2F66E}.Release|Any CPU.Build.0 = Release|Any CPU
		{D1CF8C4C-2941-49A6-A212-DCDBBF71E088}.Debug|Any CPU.ActiveCfg = Debug|Any CPU
		{D1CF8C4C-2941-49A6-A212-DCDBBF71E088}.Debug|Any CPU.Build.0 = Debug|Any CPU
		{D1CF8C4C-2941-49A6-A212-DCDBBF71E088}.Release|Any CPU.ActiveCfg = Release|Any CPU
		{D1CF8C4C-2941-49A6-A212-DCDBBF71E088}.Release|Any CPU.Build.0 = Release|Any CPU
		{BEFCA2A1-5F45-4806-811A-DDCCE3ACD350}.Debug|Any CPU.ActiveCfg = Debug|Any CPU
		{BEFCA2A1-5F45-4806-811A-DDCCE3ACD350}.Debug|Any CPU.Build.0 = Debug|Any CPU
		{BEFCA2A1-5F45-4806-811A-DDCCE3ACD350}.Release|Any CPU.ActiveCfg = Release|Any CPU
		{BEFCA2A1-5F45-4806-811A-DDCCE3ACD350}.Release|Any CPU.Build.0 = Release|Any CPU
	EndGlobalSection
	GlobalSection(SolutionProperties) = preSolution
		HideSolutionNode = FALSE
	EndGlobalSection
	GlobalSection(NestedProjects) = preSolution
		{6E967B13-065E-412F-8F6A-871010765CB5} = {D373A9D4-83E9-4F5E-92E7-128D243D4273}
		{697362B8-E17F-4DA1-8FB2-259800B22474} = {D373A9D4-83E9-4F5E-92E7-128D243D4273}
		{2B7F5B2E-8867-4406-A542-301F424018D4} = {D373A9D4-83E9-4F5E-92E7-128D243D4273}
		{CD704E68-0E1C-460C-89E1-0809F2AC0694} = {D373A9D4-83E9-4F5E-92E7-128D243D4273}
		{6163FF5B-1D7E-462C-9C8B-0427273FBA7F} = {D373A9D4-83E9-4F5E-92E7-128D243D4273}
		{6A1072A8-7FFF-4C5A-B1EF-146F0F283740} = {6E967B13-065E-412F-8F6A-871010765CB5}
		{EFA3926F-E0D5-4903-B6BA-BF64C6B398DF} = {6E967B13-065E-412F-8F6A-871010765CB5}
		{9A16D9B8-C447-430B-99D1-6343A3694973} = {6E967B13-065E-412F-8F6A-871010765CB5}
		{0111F4C9-01CD-49DC-86A5-C631A3DDC0F1} = {6E967B13-065E-412F-8F6A-871010765CB5}
		{FF6D07E7-3649-4DAB-A6D8-534F0D3FC7B6} = {6E967B13-065E-412F-8F6A-871010765CB5}
		{FCB0EADC-76A7-4AFE-835E-0AA6C0B6FA7F} = {6E967B13-065E-412F-8F6A-871010765CB5}
		{BEFA8EF3-0CE2-4271-9153-9C20359D7FAA} = {6E967B13-065E-412F-8F6A-871010765CB5}
		{DC93453C-A682-4531-ACA9-7FC8416A9B79} = {6E967B13-065E-412F-8F6A-871010765CB5}
		{11AC3864-E981-4F85-854A-2827EAE38227} = {697362B8-E17F-4DA1-8FB2-259800B22474}
		{B4FC9CD5-A90F-415F-8956-2131DD7E58A8} = {2B7F5B2E-8867-4406-A542-301F424018D4}
		{2772F5F8-9738-41C4-882A-CD49D019508A} = {2B7F5B2E-8867-4406-A542-301F424018D4}
		{D4D7C205-2270-423B-900B-23CF15340941} = {2B7F5B2E-8867-4406-A542-301F424018D4}
		{D8EF3C9C-13C1-4CAB-A656-EDE12EE22CB1} = {CD704E68-0E1C-460C-89E1-0809F2AC0694}
		{6A73A836-3346-4D9B-9B4E-1A90F3538F0F} = {CD704E68-0E1C-460C-89E1-0809F2AC0694}
		{70AFCAB1-0FFC-418C-814F-F3C1CC692567} = {CD704E68-0E1C-460C-89E1-0809F2AC0694}
		{32B1A6D6-C0CD-48F0-9FCC-4D005281ACF8} = {CD704E68-0E1C-460C-89E1-0809F2AC0694}
		{5DF7BE51-64E0-4E2A-97AC-D59F083732FC} = {FF6D07E7-3649-4DAB-A6D8-534F0D3FC7B6}
		{50C0B979-4C58-48D9-BA93-F940AB58EE40} = {FF6D07E7-3649-4DAB-A6D8-534F0D3FC7B6}
		{AE8BB22D-0FB0-4580-BEE8-2D0DC45161D2} = {FF6D07E7-3649-4DAB-A6D8-534F0D3FC7B6}
		{77066595-74E1-41D6-B5D0-5A3264AAE102} = {FF6D07E7-3649-4DAB-A6D8-534F0D3FC7B6}
		{23C206AE-CBEF-4FD1-9928-BF04147B62B2} = {69E1DD5C-200E-4AE0-80A6-5980395CC5D8}
		{C9844E74-074D-46FA-AEF6-371B3481468B} = {69E1DD5C-200E-4AE0-80A6-5980395CC5D8}
		{B7BE8C7F-0679-4022-81A5-6A314C058429} = {69E1DD5C-200E-4AE0-80A6-5980395CC5D8}
		{4EFA1DE2-9C54-4C3F-94B1-89EA6D8E916C} = {69E1DD5C-200E-4AE0-80A6-5980395CC5D8}
		{3DF52260-A727-405B-88A8-630BCE9085AC} = {69E1DD5C-200E-4AE0-80A6-5980395CC5D8}
		{0B20AC4E-7FD5-425F-A6A2-CDC05EAA5BBD} = {69E1DD5C-200E-4AE0-80A6-5980395CC5D8}
		{1EF5387C-0764-4E42-99B9-78356B582281} = {0B20AC4E-7FD5-425F-A6A2-CDC05EAA5BBD}
		{606EEBBC-96CF-4A21-9AA6-8B4674FF2996} = {0B20AC4E-7FD5-425F-A6A2-CDC05EAA5BBD}
		{2E021CD1-94DA-4431-A5D7-1E810A834119} = {0B20AC4E-7FD5-425F-A6A2-CDC05EAA5BBD}
		{9020FF67-3C7C-4CC2-9595-53C6BAD2F66E} = {0B20AC4E-7FD5-425F-A6A2-CDC05EAA5BBD}
		{D1CF8C4C-2941-49A6-A212-DCDBBF71E088} = {0B20AC4E-7FD5-425F-A6A2-CDC05EAA5BBD}
		{BEFCA2A1-5F45-4806-811A-DDCCE3ACD350} = {6163FF5B-1D7E-462C-9C8B-0427273FBA7F}
	EndGlobalSection
EndGlobal
