Microsoft Visual Studio Solution File, Format Version 12.00
# Visual Studio 2013
VisualStudioVersion = 12.0.21005.1
MinimumVisualStudioVersion = 10.0.40219.1
Project("{2150E333-8FDC-42A3-9474-1A3956D46DE8}") = "Wrappers", "Wrappers", "{A6A876B5-7D42-4FCE-A51D-679ED6091946}"
EndProject
Project("{2150E333-8FDC-42A3-9474-1A3956D46DE8}") = "Gui", "Gui", "{83869031-B07D-4666-8BFE-F7D2442B0EAB}"
EndProject
Project("{FAE04EC0-301F-11D3-BF4B-00C04F79EFBC}") = "Oatc.OpenMI.Gui.ConfigurationEditor", "Oatc.OpenMI\Gui\ConfigurationEditor\Oatc.OpenMI.Gui.ConfigurationEditor.csproj", "{5990D533-2648-49CB-A3F2-A31EC8F03D59}"
EndProject
Project("{FAE04EC0-301F-11D3-BF4B-00C04F79EFBC}") = "Oatc.OpenMI.Sdk", "Oatc.OpenMI\Sdk\Oatc.OpenMI.Sdk.csproj", "{95FE2AA2-60C6-4459-8DCA-3132B7D74D5F}"
EndProject
Project("{FAE04EC0-301F-11D3-BF4B-00C04F79EFBC}") = "Oatc.OpenMI.Gui.Core", "Oatc.OpenMI\Gui\Core\Oatc.OpenMI.Gui.Core.csproj", "{5ED7C71D-E89A-41F7-8B34-54C0C099412C}"
EndProject
Project("{FAE04EC0-301F-11D3-BF4B-00C04F79EFBC}") = "Oatc.OpenMI.Gui.Controls", "Oatc.OpenMI\Gui\Controls\Oatc.OpenMI.Gui.Controls.csproj", "{FC8850E1-3C5A-4B6D-8012-A7411B06F863}"
EndProject
Project("{FAE04EC0-301F-11D3-BF4B-00C04F79EFBC}") = "Oatc.OpenMI.Gui.CommandLine", "Oatc.OpenMI\Gui\CommandLine\Oatc.OpenMI.Gui.CommandLine.csproj", "{46FB499C-4EE5-4D44-8DCA-E55A83437934}"
EndProject
Project("{FAE04EC0-301F-11D3-BF4B-00C04F79EFBC}") = "Oatc.OpenMI.Wrappers.UpdwardsCompatibleWrappers", "Oatc.OpenMI\Wrappers\UpdwardsCompatibleWrappers\Oatc.OpenMI.Wrappers.UpdwardsCompatibleWrappers.csproj", "{C9BCCDB0-5A7B-4266-8996-BFB18B8515D8}"
EndProject
Project("{FAE04EC0-301F-11D3-BF4B-00C04F79EFBC}") = "Oatc.OpenMI.Wrappers.EngineWrapper2", "Oatc.OpenMI\Wrappers\EngineWrapper2\Oatc.OpenMI.Wrappers.EngineWrapper2.csproj", "{873EFFF3-A50E-4193-AF66-27D37D32C477}"
EndProject
Project("{FAE04EC0-301F-11D3-BF4B-00C04F79EFBC}") = "Oatc.OpenMI.Wrappers.EngineWrapper", "Oatc.OpenMI\Wrappers\EngineWrapper\Oatc.OpenMI.Wrappers.EngineWrapper.csproj", "{20823D6B-2464-46C8-8C43-19BD5B80C732}"
EndProject
Project("{FAE04EC0-301F-11D3-BF4B-00C04F79EFBC}") = "OpenMI.Standard2", "OpenMI.Standard2\OpenMI.Standard2.csproj", "{E768C562-3A5A-40C5-ADF1-1957AE4BCD27}"
EndProject
Project("{FAE04EC0-301F-11D3-BF4B-00C04F79EFBC}") = "SWMMOpenMIComponent", "..\..\..\SWMMOpenMIComponent\Source\SWMMOpenMIComponent\SWMMOpenMIComponent.csproj", "{A29A0CB5-CDC2-442C-BA25-38D477DCC9B5}"
EndProject
Global
	GlobalSection(SolutionConfigurationPlatforms) = preSolution
		Debug|Any CPU = Debug|Any CPU
		Release|Any CPU = Release|Any CPU
	EndGlobalSection
	GlobalSection(ProjectConfigurationPlatforms) = postSolution
		{5990D533-2648-49CB-A3F2-A31EC8F03D59}.Debug|Any CPU.ActiveCfg = Debug|Any CPU
		{5990D533-2648-49CB-A3F2-A31EC8F03D59}.Debug|Any CPU.Build.0 = Debug|Any CPU
		{5990D533-2648-49CB-A3F2-A31EC8F03D59}.Release|Any CPU.ActiveCfg = Release|Any CPU
		{5990D533-2648-49CB-A3F2-A31EC8F03D59}.Release|Any CPU.Build.0 = Release|Any CPU
		{95FE2AA2-60C6-4459-8DCA-3132B7D74D5F}.Debug|Any CPU.ActiveCfg = Debug|Any CPU
		{95FE2AA2-60C6-4459-8DCA-3132B7D74D5F}.Debug|Any CPU.Build.0 = Debug|Any CPU
		{95FE2AA2-60C6-4459-8DCA-3132B7D74D5F}.Release|Any CPU.ActiveCfg = Release|Any CPU
		{95FE2AA2-60C6-4459-8DCA-3132B7D74D5F}.Release|Any CPU.Build.0 = Release|Any CPU
		{5ED7C71D-E89A-41F7-8B34-54C0C099412C}.Debug|Any CPU.ActiveCfg = Debug|Any CPU
		{5ED7C71D-E89A-41F7-8B34-54C0C099412C}.Debug|Any CPU.Build.0 = Debug|Any CPU
		{5ED7C71D-E89A-41F7-8B34-54C0C099412C}.Release|Any CPU.ActiveCfg = Release|Any CPU
		{5ED7C71D-E89A-41F7-8B34-54C0C099412C}.Release|Any CPU.Build.0 = Release|Any CPU
		{FC8850E1-3C5A-4B6D-8012-A7411B06F863}.Debug|Any CPU.ActiveCfg = Debug|Any CPU
		{FC8850E1-3C5A-4B6D-8012-A7411B06F863}.Debug|Any CPU.Build.0 = Debug|Any CPU
		{FC8850E1-3C5A-4B6D-8012-A7411B06F863}.Release|Any CPU.ActiveCfg = Release|Any CPU
		{FC8850E1-3C5A-4B6D-8012-A7411B06F863}.Release|Any CPU.Build.0 = Release|Any CPU
		{46FB499C-4EE5-4D44-8DCA-E55A83437934}.Debug|Any CPU.ActiveCfg = Debug|Any CPU
		{46FB499C-4EE5-4D44-8DCA-E55A83437934}.Debug|Any CPU.Build.0 = Debug|Any CPU
		{46FB499C-4EE5-4D44-8DCA-E55A83437934}.Release|Any CPU.ActiveCfg = Release|Any CPU
		{46FB499C-4EE5-4D44-8DCA-E55A83437934}.Release|Any CPU.Build.0 = Release|Any CPU
		{C9BCCDB0-5A7B-4266-8996-BFB18B8515D8}.Debug|Any CPU.ActiveCfg = Debug|Any CPU
		{C9BCCDB0-5A7B-4266-8996-BFB18B8515D8}.Debug|Any CPU.Build.0 = Debug|Any CPU
		{C9BCCDB0-5A7B-4266-8996-BFB18B8515D8}.Release|Any CPU.ActiveCfg = Release|Any CPU
		{C9BCCDB0-5A7B-4266-8996-BFB18B8515D8}.Release|Any CPU.Build.0 = Release|Any CPU
		{873EFFF3-A50E-4193-AF66-27D37D32C477}.Debug|Any CPU.ActiveCfg = Debug|Any CPU
		{873EFFF3-A50E-4193-AF66-27D37D32C477}.Debug|Any CPU.Build.0 = Debug|Any CPU
		{873EFFF3-A50E-4193-AF66-27D37D32C477}.Release|Any CPU.ActiveCfg = Release|Any CPU
		{873EFFF3-A50E-4193-AF66-27D37D32C477}.Release|Any CPU.Build.0 = Release|Any CPU
		{20823D6B-2464-46C8-8C43-19BD5B80C732}.Debug|Any CPU.ActiveCfg = Debug|Any CPU
		{20823D6B-2464-46C8-8C43-19BD5B80C732}.Debug|Any CPU.Build.0 = Debug|Any CPU
		{20823D6B-2464-46C8-8C43-19BD5B80C732}.Release|Any CPU.ActiveCfg = Release|Any CPU
		{20823D6B-2464-46C8-8C43-19BD5B80C732}.Release|Any CPU.Build.0 = Release|Any CPU
		{E768C562-3A5A-40C5-ADF1-1957AE4BCD27}.Debug|Any CPU.ActiveCfg = Debug|Any CPU
		{E768C562-3A5A-40C5-ADF1-1957AE4BCD27}.Debug|Any CPU.Build.0 = Debug|Any CPU
		{E768C562-3A5A-40C5-ADF1-1957AE4BCD27}.Release|Any CPU.ActiveCfg = Release|Any CPU
		{E768C562-3A5A-40C5-ADF1-1957AE4BCD27}.Release|Any CPU.Build.0 = Release|Any CPU
		{A29A0CB5-CDC2-442C-BA25-38D477DCC9B5}.Debug|Any CPU.ActiveCfg = Debug|Any CPU
		{A29A0CB5-CDC2-442C-BA25-38D477DCC9B5}.Debug|Any CPU.Build.0 = Debug|Any CPU
		{A29A0CB5-CDC2-442C-BA25-38D477DCC9B5}.Release|Any CPU.ActiveCfg = Release|Any CPU
		{A29A0CB5-CDC2-442C-BA25-38D477DCC9B5}.Release|Any CPU.Build.0 = Release|Any CPU
	EndGlobalSection
	GlobalSection(SolutionProperties) = preSolution
		HideSolutionNode = FALSE
	EndGlobalSection
	GlobalSection(NestedProjects) = preSolution
		{C9BCCDB0-5A7B-4266-8996-BFB18B8515D8} = {A6A876B5-7D42-4FCE-A51D-679ED6091946}
		{873EFFF3-A50E-4193-AF66-27D37D32C477} = {A6A876B5-7D42-4FCE-A51D-679ED6091946}
		{20823D6B-2464-46C8-8C43-19BD5B80C732} = {A6A876B5-7D42-4FCE-A51D-679ED6091946}
		{5990D533-2648-49CB-A3F2-A31EC8F03D59} = {83869031-B07D-4666-8BFE-F7D2442B0EAB}
		{5ED7C71D-E89A-41F7-8B34-54C0C099412C} = {83869031-B07D-4666-8BFE-F7D2442B0EAB}
		{FC8850E1-3C5A-4B6D-8012-A7411B06F863} = {83869031-B07D-4666-8BFE-F7D2442B0EAB}
		{46FB499C-4EE5-4D44-8DCA-E55A83437934} = {83869031-B07D-4666-8BFE-F7D2442B0EAB}
	EndGlobalSection
EndGlobal
